
Microsoft Visual Studio Solution File, Format Version 12.00
# Visual Studio Version 16
VisualStudioVersion = 16.0.30517.126
MinimumVisualStudioVersion = 10.0.40219.1
Project("{9A19103F-16F7-4668-BE54-9A1E7A4F7556}") = "consoleinterface", "consoleinterface\consoleinterface.csproj", "{1F1517AF-45F1-45AF-8448-CFF0C2EC0063}"
EndProject
Project("{9A19103F-16F7-4668-BE54-9A1E7A4F7556}") = "core", "core\core.csproj", "{7DD70334-FD3D-4F91-881C-01A11A73F078}"
EndProject
Project("{FAE04EC0-301F-11D3-BF4B-00C04F79EFBC}") = "wpfinterface", "wpfinterface\wpfinterface.csproj", "{965932A5-4876-4836-9677-35C412E74D5C}"
EndProject
Global
	GlobalSection(SolutionConfigurationPlatforms) = preSolution
		Debug|Any CPU = Debug|Any CPU
		Release|Any CPU = Release|Any CPU
	EndGlobalSection
	GlobalSection(ProjectConfigurationPlatforms) = postSolution
		{1F1517AF-45F1-45AF-8448-CFF0C2EC0063}.Debug|Any CPU.ActiveCfg = Debug|Any CPU
		{1F1517AF-45F1-45AF-8448-CFF0C2EC0063}.Debug|Any CPU.Build.0 = Debug|Any CPU
		{1F1517AF-45F1-45AF-8448-CFF0C2EC0063}.Release|Any CPU.ActiveCfg = Release|Any CPU
		{1F1517AF-45F1-45AF-8448-CFF0C2EC0063}.Release|Any CPU.Build.0 = Release|Any CPU
		{7DD70334-FD3D-4F91-881C-01A11A73F078}.Debug|Any CPU.ActiveCfg = Debug|Any CPU
		{7DD70334-FD3D-4F91-881C-01A11A73F078}.Debug|Any CPU.Build.0 = Debug|Any CPU
		{7DD70334-FD3D-4F91-881C-01A11A73F078}.Release|Any CPU.ActiveCfg = Release|Any CPU
		{7DD70334-FD3D-4F91-881C-01A11A73F078}.Release|Any CPU.Build.0 = Release|Any CPU
		{965932A5-4876-4836-9677-35C412E74D5C}.Debug|Any CPU.ActiveCfg = Debug|Any CPU
		{965932A5-4876-4836-9677-35C412E74D5C}.Debug|Any CPU.Build.0 = Debug|Any CPU
		{965932A5-4876-4836-9677-35C412E74D5C}.Release|Any CPU.ActiveCfg = Release|Any CPU
		{965932A5-4876-4836-9677-35C412E74D5C}.Release|Any CPU.Build.0 = Release|Any CPU
	EndGlobalSection
	GlobalSection(SolutionProperties) = preSolution
		HideSolutionNode = FALSE
	EndGlobalSection
	GlobalSection(ExtensibilityGlobals) = postSolution
		SolutionGuid = {4451413B-F8B8-4C7F-A1B9-8F122CC2BB0B}
	EndGlobalSection
EndGlobal
