
Microsoft Visual Studio Solution File, Format Version 12.00
# Visual Studio 15
VisualStudioVersion = 15.0.27703.2035
MinimumVisualStudioVersion = 10.0.40219.1
Project("{FAE04EC0-301F-11D3-BF4B-00C04F79EFBC}") = "MagyarGerrymandering", "MagyarGerrymandering\MagyarGerrymandering.csproj", "{F8AEAE08-B723-4623-AAE2-8B16C20EEEEB}"
EndProject
Global
	GlobalSection(SolutionConfigurationPlatforms) = preSolution
		Debug|Any CPU = Debug|Any CPU
		Release|Any CPU = Release|Any CPU
	EndGlobalSection
	GlobalSection(ProjectConfigurationPlatforms) = postSolution
		{F8AEAE08-B723-4623-AAE2-8B16C20EEEEB}.Debug|Any CPU.ActiveCfg = Debug|Any CPU
		{F8AEAE08-B723-4623-AAE2-8B16C20EEEEB}.Debug|Any CPU.Build.0 = Debug|Any CPU
		{F8AEAE08-B723-4623-AAE2-8B16C20EEEEB}.Release|Any CPU.ActiveCfg = Release|Any CPU
		{F8AEAE08-B723-4623-AAE2-8B16C20EEEEB}.Release|Any CPU.Build.0 = Release|Any CPU
	EndGlobalSection
	GlobalSection(SolutionProperties) = preSolution
		HideSolutionNode = FALSE
	EndGlobalSection
	GlobalSection(ExtensibilityGlobals) = postSolution
		SolutionGuid = {4451413B-F8B8-4C7F-A1B9-8F122CC2BB0B}
	EndGlobalSection
EndGlobal
